
Microsoft Visual Studio Solution File, Format Version 12.00
# Visual Studio Version 17
VisualStudioVersion = 17.1.32319.34
MinimumVisualStudioVersion = 10.0.40219.1
Project("{FAE04EC0-301F-11D3-BF4B-00C04F79EFBC}") = "ManejoPresupuesto", "ManejoPresupuesto\ManejoPresupuesto.csproj", "{14323BD6-9861-4ABC-9A81-FE609FF7C106}"
EndProject
Global
	GlobalSection(SolutionConfigurationPlatforms) = preSolution
		Debug|Any CPU = Debug|Any CPU
		Release|Any CPU = Release|Any CPU
	EndGlobalSection
	GlobalSection(ProjectConfigurationPlatforms) = postSolution
		{14323BD6-9861-4ABC-9A81-FE609FF7C106}.Debug|Any CPU.ActiveCfg = Debug|Any CPU
		{14323BD6-9861-4ABC-9A81-FE609FF7C106}.Debug|Any CPU.Build.0 = Debug|Any CPU
		{14323BD6-9861-4ABC-9A81-FE609FF7C106}.Release|Any CPU.ActiveCfg = Release|Any CPU
		{14323BD6-9861-4ABC-9A81-FE609FF7C106}.Release|Any CPU.Build.0 = Release|Any CPU
	EndGlobalSection
	GlobalSection(SolutionProperties) = preSolution
		HideSolutionNode = FALSE
	EndGlobalSection
	GlobalSection(ExtensibilityGlobals) = postSolution
		SolutionGuid = {E4321261-ADE5-4060-B9F7-B6F6B203EC85}
	EndGlobalSection
EndGlobal
